
Microsoft Visual Studio Solution File, Format Version 12.00
# Visual Studio Version 17
VisualStudioVersion = 17.9.34728.123
MinimumVisualStudioVersion = 10.0.40219.1
Project("{FAE04EC0-301F-11D3-BF4B-00C04F79EFBC}") = "NguyenQuocThienRazorPages", "NguyenQuocThienRazorPages\NguyenQuocThienRazorPages.csproj", "{5624524B-5957-45CD-B74B-B73E1B18345D}"
EndProject
Project("{FAE04EC0-301F-11D3-BF4B-00C04F79EFBC}") = "BusinessObject", "BusinessObject\BusinessObject.csproj", "{E1910D57-F152-46E8-BD07-EC1B36ABDC01}"
EndProject
Project("{FAE04EC0-301F-11D3-BF4B-00C04F79EFBC}") = "DataAcessLayer", "DataAcessLayer\DataAcessLayer.csproj", "{783CCCF0-5C7E-4A8D-93F2-8B9204B9848C}"
EndProject
Project("{FAE04EC0-301F-11D3-BF4B-00C04F79EFBC}") = "Repositories", "Repositories\Repositories.csproj", "{2D4C21FE-3362-4B8F-8085-6C41DDC4C682}"
EndProject
Project("{FAE04EC0-301F-11D3-BF4B-00C04F79EFBC}") = "Services", "Services\Services.csproj", "{180464FA-5727-416C-AAA4-DA100C83BAF3}"
EndProject
Global
	GlobalSection(SolutionConfigurationPlatforms) = preSolution
		Debug|Any CPU = Debug|Any CPU
		Release|Any CPU = Release|Any CPU
	EndGlobalSection
	GlobalSection(ProjectConfigurationPlatforms) = postSolution
		{5624524B-5957-45CD-B74B-B73E1B18345D}.Debug|Any CPU.ActiveCfg = Debug|Any CPU
		{5624524B-5957-45CD-B74B-B73E1B18345D}.Debug|Any CPU.Build.0 = Debug|Any CPU
		{5624524B-5957-45CD-B74B-B73E1B18345D}.Release|Any CPU.ActiveCfg = Release|Any CPU
		{5624524B-5957-45CD-B74B-B73E1B18345D}.Release|Any CPU.Build.0 = Release|Any CPU
		{E1910D57-F152-46E8-BD07-EC1B36ABDC01}.Debug|Any CPU.ActiveCfg = Debug|Any CPU
		{E1910D57-F152-46E8-BD07-EC1B36ABDC01}.Debug|Any CPU.Build.0 = Debug|Any CPU
		{E1910D57-F152-46E8-BD07-EC1B36ABDC01}.Release|Any CPU.ActiveCfg = Release|Any CPU
		{E1910D57-F152-46E8-BD07-EC1B36ABDC01}.Release|Any CPU.Build.0 = Release|Any CPU
		{783CCCF0-5C7E-4A8D-93F2-8B9204B9848C}.Debug|Any CPU.ActiveCfg = Debug|Any CPU
		{783CCCF0-5C7E-4A8D-93F2-8B9204B9848C}.Debug|Any CPU.Build.0 = Debug|Any CPU
		{783CCCF0-5C7E-4A8D-93F2-8B9204B9848C}.Release|Any CPU.ActiveCfg = Release|Any CPU
		{783CCCF0-5C7E-4A8D-93F2-8B9204B9848C}.Release|Any CPU.Build.0 = Release|Any CPU
		{2D4C21FE-3362-4B8F-8085-6C41DDC4C682}.Debug|Any CPU.ActiveCfg = Debug|Any CPU
		{2D4C21FE-3362-4B8F-8085-6C41DDC4C682}.Debug|Any CPU.Build.0 = Debug|Any CPU
		{2D4C21FE-3362-4B8F-8085-6C41DDC4C682}.Release|Any CPU.ActiveCfg = Release|Any CPU
		{2D4C21FE-3362-4B8F-8085-6C41DDC4C682}.Release|Any CPU.Build.0 = Release|Any CPU
		{180464FA-5727-416C-AAA4-DA100C83BAF3}.Debug|Any CPU.ActiveCfg = Debug|Any CPU
		{180464FA-5727-416C-AAA4-DA100C83BAF3}.Debug|Any CPU.Build.0 = Debug|Any CPU
		{180464FA-5727-416C-AAA4-DA100C83BAF3}.Release|Any CPU.ActiveCfg = Release|Any CPU
		{180464FA-5727-416C-AAA4-DA100C83BAF3}.Release|Any CPU.Build.0 = Release|Any CPU
	EndGlobalSection
	GlobalSection(SolutionProperties) = preSolution
		HideSolutionNode = FALSE
	EndGlobalSection
	GlobalSection(ExtensibilityGlobals) = postSolution
		SolutionGuid = {E27043C1-E275-4E36-A3B4-E03A00C16F34}
	EndGlobalSection
EndGlobal
